
Microsoft Visual Studio Solution File, Format Version 11.00
# Visual Studio 2010
Project("{8BC9CEB8-8B4A-11D0-8D11-00A0C91BC942}") = "BowFeature", "BowFeature\BowFeature.vcxproj", "{FE128DDC-86BD-45A9-8825-92DA9FB65ED2}"
EndProject
Global
	GlobalSection(SolutionConfigurationPlatforms) = preSolution
		Debug|Win32 = Debug|Win32
		Release|Win32 = Release|Win32
	EndGlobalSection
	GlobalSection(ProjectConfigurationPlatforms) = postSolution
		{FE128DDC-86BD-45A9-8825-92DA9FB65ED2}.Debug|Win32.ActiveCfg = Debug|Win32
		{FE128DDC-86BD-45A9-8825-92DA9FB65ED2}.Debug|Win32.Build.0 = Debug|Win32
		{FE128DDC-86BD-45A9-8825-92DA9FB65ED2}.Release|Win32.ActiveCfg = Release|Win32
		{FE128DDC-86BD-45A9-8825-92DA9FB65ED2}.Release|Win32.Build.0 = Release|Win32
	EndGlobalSection
	GlobalSection(SolutionProperties) = preSolution
		HideSolutionNode = FALSE
	EndGlobalSection
EndGlobal
